
Microsoft Visual Studio Solution File, Format Version 12.00
# Visual Studio Version 17
VisualStudioVersion = 17.0.31903.59
MinimumVisualStudioVersion = 10.0.40219.1
Project("{FAE04EC0-301F-11D3-BF4B-00C04F79EFBC}") = "DoneWellAudio.Core", "src\DoneWellAudio.Core\DoneWellAudio.Core.csproj", "{96D094AB-D60A-4A0A-891E-F32B5F418EFB}"
EndProject
Project("{FAE04EC0-301F-11D3-BF4B-00C04F79EFBC}") = "DoneWellAudio.Cli", "src\DoneWellAudio.Cli\DoneWellAudio.Cli.csproj", "{BC44BA5E-9A25-4A1B-9A6C-6BF28EB75FA2}"
EndProject
Project("{FAE04EC0-301F-11D3-BF4B-00C04F79EFBC}") = "DoneWellAudio.Gui.Wpf", "src\DoneWellAudio.Gui.Wpf\DoneWellAudio.Gui.Wpf.csproj", "{D752844E-B3C4-4561-85B5-96DE10D529D3}"
EndProject
Project("{FAE04EC0-301F-11D3-BF4B-00C04F79EFBC}") = "DoneWellAudio.Tests", "tests\DoneWellAudio.Tests\DoneWellAudio.Tests.csproj", "{3354DB3F-934E-437B-943E-0864CD7CB71D}"
EndProject
Project("{2150E333-8FDC-42A3-9474-1A3956D46DE8}") = "src", "src", "{827E0CD3-B72D-47B6-A68D-7590B98EB39B}"
EndProject
Project("{FAE04EC0-301F-11D3-BF4B-00C04F79EFBC}") = "DoneWellAudio.AudioAdapters", "src\DoneWellAudio.AudioAdapters\DoneWellAudio.AudioAdapters.csproj", "{4C3C0A7D-6473-4568-BEB6-2D4156426D15}"
EndProject
Global
	GlobalSection(SolutionConfigurationPlatforms) = preSolution
		Debug|Any CPU = Debug|Any CPU
		Debug|x64 = Debug|x64
		Debug|x86 = Debug|x86
		Release|Any CPU = Release|Any CPU
		Release|x64 = Release|x64
		Release|x86 = Release|x86
	EndGlobalSection
	GlobalSection(ProjectConfigurationPlatforms) = postSolution
		{96D094AB-D60A-4A0A-891E-F32B5F418EFB}.Debug|Any CPU.ActiveCfg = Debug|Any CPU
		{96D094AB-D60A-4A0A-891E-F32B5F418EFB}.Debug|Any CPU.Build.0 = Debug|Any CPU
		{96D094AB-D60A-4A0A-891E-F32B5F418EFB}.Debug|x64.ActiveCfg = Debug|Any CPU
		{96D094AB-D60A-4A0A-891E-F32B5F418EFB}.Debug|x64.Build.0 = Debug|Any CPU
		{96D094AB-D60A-4A0A-891E-F32B5F418EFB}.Debug|x86.ActiveCfg = Debug|Any CPU
		{96D094AB-D60A-4A0A-891E-F32B5F418EFB}.Debug|x86.Build.0 = Debug|Any CPU
		{96D094AB-D60A-4A0A-891E-F32B5F418EFB}.Release|Any CPU.ActiveCfg = Release|Any CPU
		{96D094AB-D60A-4A0A-891E-F32B5F418EFB}.Release|Any CPU.Build.0 = Release|Any CPU
		{96D094AB-D60A-4A0A-891E-F32B5F418EFB}.Release|x64.ActiveCfg = Release|Any CPU
		{96D094AB-D60A-4A0A-891E-F32B5F418EFB}.Release|x64.Build.0 = Release|Any CPU
		{96D094AB-D60A-4A0A-891E-F32B5F418EFB}.Release|x86.ActiveCfg = Release|Any CPU
		{96D094AB-D60A-4A0A-891E-F32B5F418EFB}.Release|x86.Build.0 = Release|Any CPU
		{BC44BA5E-9A25-4A1B-9A6C-6BF28EB75FA2}.Debug|Any CPU.ActiveCfg = Debug|Any CPU
		{BC44BA5E-9A25-4A1B-9A6C-6BF28EB75FA2}.Debug|Any CPU.Build.0 = Debug|Any CPU
		{BC44BA5E-9A25-4A1B-9A6C-6BF28EB75FA2}.Debug|x64.ActiveCfg = Debug|Any CPU
		{BC44BA5E-9A25-4A1B-9A6C-6BF28EB75FA2}.Debug|x64.Build.0 = Debug|Any CPU
		{BC44BA5E-9A25-4A1B-9A6C-6BF28EB75FA2}.Debug|x86.ActiveCfg = Debug|Any CPU
		{BC44BA5E-9A25-4A1B-9A6C-6BF28EB75FA2}.Debug|x86.Build.0 = Debug|Any CPU
		{BC44BA5E-9A25-4A1B-9A6C-6BF28EB75FA2}.Release|Any CPU.ActiveCfg = Release|Any CPU
		{BC44BA5E-9A25-4A1B-9A6C-6BF28EB75FA2}.Release|Any CPU.Build.0 = Release|Any CPU
		{BC44BA5E-9A25-4A1B-9A6C-6BF28EB75FA2}.Release|x64.ActiveCfg = Release|Any CPU
		{BC44BA5E-9A25-4A1B-9A6C-6BF28EB75FA2}.Release|x64.Build.0 = Release|Any CPU
		{BC44BA5E-9A25-4A1B-9A6C-6BF28EB75FA2}.Release|x86.ActiveCfg = Release|Any CPU
		{BC44BA5E-9A25-4A1B-9A6C-6BF28EB75FA2}.Release|x86.Build.0 = Release|Any CPU
		{D752844E-B3C4-4561-85B5-96DE10D529D3}.Debug|Any CPU.ActiveCfg = Debug|Any CPU
		{D752844E-B3C4-4561-85B5-96DE10D529D3}.Debug|Any CPU.Build.0 = Debug|Any CPU
		{D752844E-B3C4-4561-85B5-96DE10D529D3}.Debug|x64.ActiveCfg = Debug|Any CPU
		{D752844E-B3C4-4561-85B5-96DE10D529D3}.Debug|x64.Build.0 = Debug|Any CPU
		{D752844E-B3C4-4561-85B5-96DE10D529D3}.Debug|x86.ActiveCfg = Debug|Any CPU
		{D752844E-B3C4-4561-85B5-96DE10D529D3}.Debug|x86.Build.0 = Debug|Any CPU
		{D752844E-B3C4-4561-85B5-96DE10D529D3}.Release|Any CPU.ActiveCfg = Release|Any CPU
		{D752844E-B3C4-4561-85B5-96DE10D529D3}.Release|Any CPU.Build.0 = Release|Any CPU
		{D752844E-B3C4-4561-85B5-96DE10D529D3}.Release|x64.ActiveCfg = Release|Any CPU
		{D752844E-B3C4-4561-85B5-96DE10D529D3}.Release|x64.Build.0 = Release|Any CPU
		{D752844E-B3C4-4561-85B5-96DE10D529D3}.Release|x86.ActiveCfg = Release|Any CPU
		{D752844E-B3C4-4561-85B5-96DE10D529D3}.Release|x86.Build.0 = Release|Any CPU
		{3354DB3F-934E-437B-943E-0864CD7CB71D}.Debug|Any CPU.ActiveCfg = Debug|Any CPU
		{3354DB3F-934E-437B-943E-0864CD7CB71D}.Debug|Any CPU.Build.0 = Debug|Any CPU
		{3354DB3F-934E-437B-943E-0864CD7CB71D}.Debug|x64.ActiveCfg = Debug|Any CPU
		{3354DB3F-934E-437B-943E-0864CD7CB71D}.Debug|x64.Build.0 = Debug|Any CPU
		{3354DB3F-934E-437B-943E-0864CD7CB71D}.Debug|x86.ActiveCfg = Debug|Any CPU
		{3354DB3F-934E-437B-943E-0864CD7CB71D}.Debug|x86.Build.0 = Debug|Any CPU
		{3354DB3F-934E-437B-943E-0864CD7CB71D}.Release|Any CPU.ActiveCfg = Release|Any CPU
		{3354DB3F-934E-437B-943E-0864CD7CB71D}.Release|Any CPU.Build.0 = Release|Any CPU
		{3354DB3F-934E-437B-943E-0864CD7CB71D}.Release|x64.ActiveCfg = Release|Any CPU
		{3354DB3F-934E-437B-943E-0864CD7CB71D}.Release|x64.Build.0 = Release|Any CPU
		{3354DB3F-934E-437B-943E-0864CD7CB71D}.Release|x86.ActiveCfg = Release|Any CPU
		{3354DB3F-934E-437B-943E-0864CD7CB71D}.Release|x86.Build.0 = Release|Any CPU
		{4C3C0A7D-6473-4568-BEB6-2D4156426D15}.Debug|Any CPU.ActiveCfg = Debug|Any CPU
		{4C3C0A7D-6473-4568-BEB6-2D4156426D15}.Debug|Any CPU.Build.0 = Debug|Any CPU
		{4C3C0A7D-6473-4568-BEB6-2D4156426D15}.Debug|x64.ActiveCfg = Debug|Any CPU
		{4C3C0A7D-6473-4568-BEB6-2D4156426D15}.Debug|x64.Build.0 = Debug|Any CPU
		{4C3C0A7D-6473-4568-BEB6-2D4156426D15}.Debug|x86.ActiveCfg = Debug|Any CPU
		{4C3C0A7D-6473-4568-BEB6-2D4156426D15}.Debug|x86.Build.0 = Debug|Any CPU
		{4C3C0A7D-6473-4568-BEB6-2D4156426D15}.Release|Any CPU.ActiveCfg = Release|Any CPU
		{4C3C0A7D-6473-4568-BEB6-2D4156426D15}.Release|Any CPU.Build.0 = Release|Any CPU
		{4C3C0A7D-6473-4568-BEB6-2D4156426D15}.Release|x64.ActiveCfg = Release|Any CPU
		{4C3C0A7D-6473-4568-BEB6-2D4156426D15}.Release|x64.Build.0 = Release|Any CPU
		{4C3C0A7D-6473-4568-BEB6-2D4156426D15}.Release|x86.ActiveCfg = Release|Any CPU
		{4C3C0A7D-6473-4568-BEB6-2D4156426D15}.Release|x86.Build.0 = Release|Any CPU
	EndGlobalSection
	GlobalSection(SolutionProperties) = preSolution
		HideSolutionNode = FALSE
	EndGlobalSection
	GlobalSection(NestedProjects) = preSolution
		{4C3C0A7D-6473-4568-BEB6-2D4156426D15} = {827E0CD3-B72D-47B6-A68D-7590B98EB39B}
	EndGlobalSection
EndGlobal
